
Microsoft Visual Studio Solution File, Format Version 11.00
# Visual Studio 2010
Project("{8BC9CEB8-8B4A-11D0-8D11-00A0C91BC942}") = "grafo", "grafo\grafo.vcxproj", "{E0E8503B-D7FD-46B1-A28E-04FE03C6141C}"
EndProject
Global
	GlobalSection(SolutionConfigurationPlatforms) = preSolution
		Debug|Win32 = Debug|Win32
		Release|Win32 = Release|Win32
	EndGlobalSection
	GlobalSection(ProjectConfigurationPlatforms) = postSolution
		{E0E8503B-D7FD-46B1-A28E-04FE03C6141C}.Debug|Win32.ActiveCfg = Debug|Win32
		{E0E8503B-D7FD-46B1-A28E-04FE03C6141C}.Debug|Win32.Build.0 = Debug|Win32
		{E0E8503B-D7FD-46B1-A28E-04FE03C6141C}.Release|Win32.ActiveCfg = Release|Win32
		{E0E8503B-D7FD-46B1-A28E-04FE03C6141C}.Release|Win32.Build.0 = Release|Win32
	EndGlobalSection
	GlobalSection(SolutionProperties) = preSolution
		HideSolutionNode = FALSE
	EndGlobalSection
EndGlobal
